
Microsoft Visual Studio Solution File, Format Version 12.00
# Visual Studio Version 16
VisualStudioVersion = 16.0.31702.278
MinimumVisualStudioVersion = 10.0.40219.1
Project("{FAE04EC0-301F-11D3-BF4B-00C04F79EFBC}") = "FPT_Training", "FPT_Training\FPT_Training.csproj", "{DEC45DA4-BCBA-4270-9947-F180268F723D}"
EndProject
Global
	GlobalSection(SolutionConfigurationPlatforms) = preSolution
		Debug|Any CPU = Debug|Any CPU
		Release|Any CPU = Release|Any CPU
	EndGlobalSection
	GlobalSection(ProjectConfigurationPlatforms) = postSolution
		{DEC45DA4-BCBA-4270-9947-F180268F723D}.Debug|Any CPU.ActiveCfg = Debug|Any CPU
		{DEC45DA4-BCBA-4270-9947-F180268F723D}.Debug|Any CPU.Build.0 = Debug|Any CPU
		{DEC45DA4-BCBA-4270-9947-F180268F723D}.Release|Any CPU.ActiveCfg = Release|Any CPU
		{DEC45DA4-BCBA-4270-9947-F180268F723D}.Release|Any CPU.Build.0 = Release|Any CPU
	EndGlobalSection
	GlobalSection(SolutionProperties) = preSolution
		HideSolutionNode = FALSE
	EndGlobalSection
	GlobalSection(ExtensibilityGlobals) = postSolution
		SolutionGuid = {72FF9D72-5755-431E-B435-3B651611182A}
	EndGlobalSection
EndGlobal
